
Microsoft Visual Studio Solution File, Format Version 12.00
# Visual Studio Version 17
VisualStudioVersion = 17.9.34723.18
MinimumVisualStudioVersion = 10.0.40219.1
Project("{FAE04EC0-301F-11D3-BF4B-00C04F79EFBC}") = "kiemtra", "kiemtra\kiemtra.csproj", "{0FE2A507-3910-40EC-86AE-3A0AE149A575}"
EndProject
Global
	GlobalSection(SolutionConfigurationPlatforms) = preSolution
		Debug|Any CPU = Debug|Any CPU
		Release|Any CPU = Release|Any CPU
	EndGlobalSection
	GlobalSection(ProjectConfigurationPlatforms) = postSolution
		{0FE2A507-3910-40EC-86AE-3A0AE149A575}.Debug|Any CPU.ActiveCfg = Debug|Any CPU
		{0FE2A507-3910-40EC-86AE-3A0AE149A575}.Debug|Any CPU.Build.0 = Debug|Any CPU
		{0FE2A507-3910-40EC-86AE-3A0AE149A575}.Release|Any CPU.ActiveCfg = Release|Any CPU
		{0FE2A507-3910-40EC-86AE-3A0AE149A575}.Release|Any CPU.Build.0 = Release|Any CPU
	EndGlobalSection
	GlobalSection(SolutionProperties) = preSolution
		HideSolutionNode = FALSE
	EndGlobalSection
	GlobalSection(ExtensibilityGlobals) = postSolution
		SolutionGuid = {49B8E803-9302-4FD2-9B58-7C83E29321B7}
	EndGlobalSection
EndGlobal
